{
    "_readme": [
        "This file locks the dependencies of your project to a known state",
        "Read more about it at http://getcomposer.org/doc/01-basic-usage.md#composer-lock-the-lock-file",
        "This file is @generated automatically"
    ],
    "hash": "4537ab0b992d7d3a995bf83a9d1bd7e0",
    "packages": [
        {
            "name": "jublonet/codebird-php",
            "version": "2.4.1",
            "source": {
                "type": "git",
                "url": "https://github.com/jublonet/codebird-php.git",
                "reference": "c2cbec5858ac1dffb9063411931384163be1fe49"
            },
            "dist": {
                "type": "zip",
                "url": "https://api.github.com/repos/jublonet/codebird-php/zipball/c2cbec5858ac1dffb9063411931384163be1fe49",
                "reference": "c2cbec5858ac1dffb9063411931384163be1fe49",
                "shasum": ""
            },
            "type": "library",
            "autoload": {
                "classmap": [
                    "src/"
                ]
            },
            "notification-url": "https://packagist.org/downloads/",
            "license": [
                "GPL-3.0"
            ],
            "description": "A Twitter library in PHP.",
            "time": "2013-06-23 17:30:17"
        }
    ],
    "packages-dev": [

    ],
    "aliases": [

    ],
    "minimum-stability": "stable",
    "stability-flags": [

    ],
    "platform": [

    ],
    "platform-dev": [

    ]
}
